
Microsoft Visual Studio Solution File, Format Version 12.00
# Visual Studio Version 16
VisualStudioVersion = 16.0.30320.27
MinimumVisualStudioVersion = 10.0.40219.1
Project("{9A19103F-16F7-4668-BE54-9A1E7A4F7556}") = "PathfinderLib.Tests", "PathfinderLib.Tests\PathfinderLib.Tests.csproj", "{2F7DBDC3-E217-48FF-A3D4-647E36E72B31}"
EndProject
Project("{9A19103F-16F7-4668-BE54-9A1E7A4F7556}") = "PathfinderLib", "PathfinderLib\PathfinderLib.csproj", "{570B878B-6126-45EB-8B3C-C89C39C3E688}"
EndProject
Global
	GlobalSection(SolutionConfigurationPlatforms) = preSolution
		Debug|Any CPU = Debug|Any CPU
		Release|Any CPU = Release|Any CPU
	EndGlobalSection
	GlobalSection(ProjectConfigurationPlatforms) = postSolution
		{2F7DBDC3-E217-48FF-A3D4-647E36E72B31}.Debug|Any CPU.ActiveCfg = Debug|Any CPU
		{2F7DBDC3-E217-48FF-A3D4-647E36E72B31}.Debug|Any CPU.Build.0 = Debug|Any CPU
		{2F7DBDC3-E217-48FF-A3D4-647E36E72B31}.Release|Any CPU.ActiveCfg = Release|Any CPU
		{2F7DBDC3-E217-48FF-A3D4-647E36E72B31}.Release|Any CPU.Build.0 = Release|Any CPU
		{570B878B-6126-45EB-8B3C-C89C39C3E688}.Debug|Any CPU.ActiveCfg = Debug|Any CPU
		{570B878B-6126-45EB-8B3C-C89C39C3E688}.Debug|Any CPU.Build.0 = Debug|Any CPU
		{570B878B-6126-45EB-8B3C-C89C39C3E688}.Release|Any CPU.ActiveCfg = Release|Any CPU
		{570B878B-6126-45EB-8B3C-C89C39C3E688}.Release|Any CPU.Build.0 = Release|Any CPU
	EndGlobalSection
	GlobalSection(SolutionProperties) = preSolution
		HideSolutionNode = FALSE
	EndGlobalSection
	GlobalSection(ExtensibilityGlobals) = postSolution
		SolutionGuid = {D5E93903-1C8D-4C4E-ADBA-0D0A04F2AE44}
	EndGlobalSection
EndGlobal
